dependencies:
- name: keycloakx
  repository: https://codecentric.github.io/helm-charts
  version: 7.1.4
- name: postgresql
  repository: oci://registry-1.docker.io/bitnamicharts
  version: 16.7.19
- name: gluon
  repository: oci://registry1.dso.mil/bigbang
  version: 0.9.6
- name: bb-common
  repository: oci://registry1.dso.mil/bigbang
  version: 0.10.0
digest: sha256:824ca4ed73154fe5a3acf1f93b32ad095ae885a3408bdb7c3c7925386442cd5c
generated: "2025-11-05T07:42:53.604925535Z"
