dependencies:
- name: keycloakx
  repository: https://codecentric.github.io/helm-charts
  version: 7.1.8
- name: postgresql
  repository: oci://registry-1.docker.io/bitnamicharts
  version: 18.4.0
- name: gluon
  repository: oci://registry1.dso.mil/bigbang
  version: 0.9.8
- name: bb-common
  repository: oci://registry1.dso.mil/bigbang
  version: 0.14.1
digest: sha256:b0cd4a96ed6bbc0a7e6787917feb06ed6110ad48b7837f3af43578672b42126b
generated: "2026-02-24T11:56:37.934775-05:00"
